
Microsoft Visual Studio Solution File, Format Version 12.00
# Visual Studio Version 17
VisualStudioVersion = 17.11.35222.181
MinimumVisualStudioVersion = 10.0.40219.1
Project("{FAE04EC0-301F-11D3-BF4B-00C04F79EFBC}") = "CMP283", "CMP283.csproj", "{949AF6FF-30B5-45FB-82D7-072C25EF5128}"
EndProject
Global
	GlobalSection(SolutionConfigurationPlatforms) = preSolution
		Debug|Any CPU = Debug|Any CPU
		Release|Any CPU = Release|Any CPU
	EndGlobalSection
	GlobalSection(ProjectConfigurationPlatforms) = postSolution
		{949AF6FF-30B5-45FB-82D7-072C25EF5128}.Debug|Any CPU.ActiveCfg = Debug|Any CPU
		{949AF6FF-30B5-45FB-82D7-072C25EF5128}.Debug|Any CPU.Build.0 = Debug|Any CPU
		{949AF6FF-30B5-45FB-82D7-072C25EF5128}.Release|Any CPU.ActiveCfg = Release|Any CPU
		{949AF6FF-30B5-45FB-82D7-072C25EF5128}.Release|Any CPU.Build.0 = Release|Any CPU
	EndGlobalSection
	GlobalSection(SolutionProperties) = preSolution
		HideSolutionNode = FALSE
	EndGlobalSection
	GlobalSection(ExtensibilityGlobals) = postSolution
		SolutionGuid = {7AE794E4-F932-4C32-9182-2786C4AF7BD0}
	EndGlobalSection
EndGlobal
